
Microsoft Visual Studio Solution File, Format Version 12.00
# Visual Studio Version 16
VisualStudioVersion = 16.6.30114.105
MinimumVisualStudioVersion = 10.0.40219.1
Project("{FAE04EC0-301F-11D3-BF4B-00C04F79EFBC}") = "API", "API\API.csproj", "{390722AD-D900-4E00-8E62-20101F0455BB}"
EndProject
Project("{FAE04EC0-301F-11D3-BF4B-00C04F79EFBC}") = "Application", "Application\Application.csproj", "{34B4DAC1-917A-4112-A617-12985C098C75}"
EndProject
Project("{FAE04EC0-301F-11D3-BF4B-00C04F79EFBC}") = "Persistence", "Persistence\Persistence.csproj", "{336C16BC-B264-47BA-AD30-BE795ADD7904}"
EndProject
Project("{FAE04EC0-301F-11D3-BF4B-00C04F79EFBC}") = "Domain", "Domain\Domain.csproj", "{C7BBDF84-4A53-4BBD-BD06-275293269A25}"
EndProject
Global
	GlobalSection(SolutionConfigurationPlatforms) = preSolution
		Debug|Any CPU = Debug|Any CPU
		Debug|x64 = Debug|x64
		Debug|x86 = Debug|x86
		Release|Any CPU = Release|Any CPU
		Release|x64 = Release|x64
		Release|x86 = Release|x86
	EndGlobalSection
	GlobalSection(SolutionProperties) = preSolution
		HideSolutionNode = FALSE
	EndGlobalSection
	GlobalSection(ProjectConfigurationPlatforms) = postSolution
		{390722AD-D900-4E00-8E62-20101F0455BB}.Debug|Any CPU.ActiveCfg = Debug|Any CPU
		{390722AD-D900-4E00-8E62-20101F0455BB}.Debug|Any CPU.Build.0 = Debug|Any CPU
		{390722AD-D900-4E00-8E62-20101F0455BB}.Debug|x64.ActiveCfg = Debug|Any CPU
		{390722AD-D900-4E00-8E62-20101F0455BB}.Debug|x64.Build.0 = Debug|Any CPU
		{390722AD-D900-4E00-8E62-20101F0455BB}.Debug|x86.ActiveCfg = Debug|Any CPU
		{390722AD-D900-4E00-8E62-20101F0455BB}.Debug|x86.Build.0 = Debug|Any CPU
		{390722AD-D900-4E00-8E62-20101F0455BB}.Release|Any CPU.ActiveCfg = Release|Any CPU
		{390722AD-D900-4E00-8E62-20101F0455BB}.Release|Any CPU.Build.0 = Release|Any CPU
		{390722AD-D900-4E00-8E62-20101F0455BB}.Release|x64.ActiveCfg = Release|Any CPU
		{390722AD-D900-4E00-8E62-20101F0455BB}.Release|x64.Build.0 = Release|Any CPU
		{390722AD-D900-4E00-8E62-20101F0455BB}.Release|x86.ActiveCfg = Release|Any CPU
		{390722AD-D900-4E00-8E62-20101F0455BB}.Release|x86.Build.0 = Release|Any CPU
		{34B4DAC1-917A-4112-A617-12985C098C75}.Debug|Any CPU.ActiveCfg = Debug|Any CPU
		{34B4DAC1-917A-4112-A617-12985C098C75}.Debug|Any CPU.Build.0 = Debug|Any CPU
		{34B4DAC1-917A-4112-A617-12985C098C75}.Debug|x64.ActiveCfg = Debug|Any CPU
		{34B4DAC1-917A-4112-A617-12985C098C75}.Debug|x64.Build.0 = Debug|Any CPU
		{34B4DAC1-917A-4112-A617-12985C098C75}.Debug|x86.ActiveCfg = Debug|Any CPU
		{34B4DAC1-917A-4112-A617-12985C098C75}.Debug|x86.Build.0 = Debug|Any CPU
		{34B4DAC1-917A-4112-A617-12985C098C75}.Release|Any CPU.ActiveCfg = Release|Any CPU
		{34B4DAC1-917A-4112-A617-12985C098C75}.Release|Any CPU.Build.0 = Release|Any CPU
		{34B4DAC1-917A-4112-A617-12985C098C75}.Release|x64.ActiveCfg = Release|Any CPU
		{34B4DAC1-917A-4112-A617-12985C098C75}.Release|x64.Build.0 = Release|Any CPU
		{34B4DAC1-917A-4112-A617-12985C098C75}.Release|x86.ActiveCfg = Release|Any CPU
		{34B4DAC1-917A-4112-A617-12985C098C75}.Release|x86.Build.0 = Release|Any CPU
		{336C16BC-B264-47BA-AD30-BE795ADD7904}.Debug|Any CPU.ActiveCfg = Debug|Any CPU
		{336C16BC-B264-47BA-AD30-BE795ADD7904}.Debug|Any CPU.Build.0 = Debug|Any CPU
		{336C16BC-B264-47BA-AD30-BE795ADD7904}.Debug|x64.ActiveCfg = Debug|Any CPU
		{336C16BC-B264-47BA-AD30-BE795ADD7904}.Debug|x64.Build.0 = Debug|Any CPU
		{336C16BC-B264-47BA-AD30-BE795ADD7904}.Debug|x86.ActiveCfg = Debug|Any CPU
		{336C16BC-B264-47BA-AD30-BE795ADD7904}.Debug|x86.Build.0 = Debug|Any CPU
		{336C16BC-B264-47BA-AD30-BE795ADD7904}.Release|Any CPU.ActiveCfg = Release|Any CPU
		{336C16BC-B264-47BA-AD30-BE795ADD7904}.Release|Any CPU.Build.0 = Release|Any CPU
		{336C16BC-B264-47BA-AD30-BE795ADD7904}.Release|x64.ActiveCfg = Release|Any CPU
		{336C16BC-B264-47BA-AD30-BE795ADD7904}.Release|x64.Build.0 = Release|Any CPU
		{336C16BC-B264-47BA-AD30-BE795ADD7904}.Release|x86.ActiveCfg = Release|Any CPU
		{336C16BC-B264-47BA-AD30-BE795ADD7904}.Release|x86.Build.0 = Release|Any CPU
		{C7BBDF84-4A53-4BBD-BD06-275293269A25}.Debug|Any CPU.ActiveCfg = Debug|Any CPU
		{C7BBDF84-4A53-4BBD-BD06-275293269A25}.Debug|Any CPU.Build.0 = Debug|Any CPU
		{C7BBDF84-4A53-4BBD-BD06-275293269A25}.Debug|x64.ActiveCfg = Debug|Any CPU
		{C7BBDF84-4A53-4BBD-BD06-275293269A25}.Debug|x64.Build.0 = Debug|Any CPU
		{C7BBDF84-4A53-4BBD-BD06-275293269A25}.Debug|x86.ActiveCfg = Debug|Any CPU
		{C7BBDF84-4A53-4BBD-BD06-275293269A25}.Debug|x86.Build.0 = Debug|Any CPU
		{C7BBDF84-4A53-4BBD-BD06-275293269A25}.Release|Any CPU.ActiveCfg = Release|Any CPU
		{C7BBDF84-4A53-4BBD-BD06-275293269A25}.Release|Any CPU.Build.0 = Release|Any CPU
		{C7BBDF84-4A53-4BBD-BD06-275293269A25}.Release|x64.ActiveCfg = Release|Any CPU
		{C7BBDF84-4A53-4BBD-BD06-275293269A25}.Release|x64.Build.0 = Release|Any CPU
		{C7BBDF84-4A53-4BBD-BD06-275293269A25}.Release|x86.ActiveCfg = Release|Any CPU
		{C7BBDF84-4A53-4BBD-BD06-275293269A25}.Release|x86.Build.0 = Release|Any CPU
	EndGlobalSection
EndGlobal
